version: 0.1.0
description: observed upstream repository state for trusted public sources used by AgentCodex
entries:
  - source_id: airbyte
    observed_ref: de0b2b1495319c3df3a0abb367657a55b2d4d255
    observed_at: 2026-10-02T13:11:39.834042+00:00
    update_status: drifted
    notes: new upstream ref detected
  - source_id: asyncapi-spec
    observed_ref: 
    observed_at: 2026-10-02T13:11:49.611251+00:00
    update_status: blocked
    notes: HTTP Error 403: rate limit exceeded
  - source_id: azure-sdk-python
    observed_ref: d0b1bf8d738c3df4d3ac516440141e3f6ce7bf81
    observed_at: 2026-10-02T13:11:42.580190+00:00
    update_status: drifted
    notes: new upstream ref detected
  - source_id: azure-search-openai-demo
    observed_ref: 3f4a21f03ae3d565aca37cc300e3d38b0c7b582a
    observed_at: 2026-10-02T13:11:43.289649+00:00
    update_status: drifted
    notes: new upstream ref detected
  - source_id: databricks-bundle-examples
    observed_ref: 463e8383903666046f48ae3babbf77d5615c7ab4
    observed_at: 2026-10-02T13:11:44.031927+00:00
    update_status: drifted
    notes: new upstream ref detected
  - source_id: dbt-core
    observed_ref: 68ad83776b3d9cfd9e80aed0e35209a47d9ec514
    observed_at: 2026-10-02T13:11:40.556001+00:00
    update_status: drifted
    notes: new upstream ref detected
  - source_id: json-schema-spec
    observed_ref: 
    observed_at: 2026-10-02T13:11:49.814782+00:00
    update_status: blocked
    notes: HTTP Error 403: rate limit exceeded
  - source_id: langfuse
    observed_ref: 3b02ae42e4f393263291e87c9b34ae87f041b5ab
    observed_at: 2026-10-02T13:11:48.301610+00:00
    update_status: drifted
    notes: new upstream ref detected
  - source_id: llama-index
    observed_ref: 962940ddc079cc21701d28d1237c84c82a7c5164
    observed_at: 2026-10-02T13:11:36.819846+00:00
    update_status: drifted
    notes: new upstream ref detected
  - source_id: marquez
    observed_ref: 180f37b22387146187af1ef0279e3ee1d1ccd789
    observed_at: 2026-10-02T13:11:46.963751+00:00
    update_status: drifted
    notes: new upstream ref detected
  - source_id: mcp-servers
    observed_ref: f46d9578190b476b3501923ea8977d899e8db2cb
    observed_at: 2026-10-02T13:11:36.105004+00:00
    update_status: drifted
    notes: new upstream ref detected
  - source_id: opa
    observed_ref: 
    observed_at: 2026-10-02T13:11:49.371806+00:00
    update_status: blocked
    notes: HTTP Error 403: rate limit exceeded
  - source_id: openai-agents-python
    observed_ref: a575a6e637feb9aea1b591237b007dd4991ddfba
    observed_at: 2026-10-02T13:11:35.346062+00:00
    update_status: drifted
    notes: new upstream ref detected
  - source_id: openapi-specification
    observed_ref: 
    observed_at: 2026-10-02T13:11:49.489451+00:00
    update_status: blocked
    notes: HTTP Error 403: rate limit exceeded
  - source_id: openlineage
    observed_ref: dc3463c5a056f93347576f4ca6670257f7c08c4a
    observed_at: 2026-10-02T13:11:46.221342+00:00
    update_status: drifted
    notes: new upstream ref detected
  - source_id: openmetadata
    observed_ref: 544626cad6362543ad4b7c18f2e3169e1750b6fd
    observed_at: 2026-10-02T13:11:45.470397+00:00
    update_status: drifted
    notes: new upstream ref detected
  - source_id: opentelemetry-specification
    observed_ref: 
    observed_at: 2026-10-02T13:11:48.969312+00:00
    update_status: blocked
    notes: HTTP Error 403: rate limit exceeded
  - source_id: phoenix
    observed_ref: 7ea5dc10be15a283f8a25b87b24516e0b66c7b7f
    observed_at: 2026-10-02T13:11:47.627364+00:00
    update_status: drifted
    notes: new upstream ref detected
  - source_id: protobuf
    observed_ref: 
    observed_at: 2026-10-02T13:11:49.697889+00:00
    update_status: blocked
    notes: HTTP Error 403: rate limit exceeded
  - source_id: qdrant
    observed_ref: 6ab21cac18ebb6f4ae29102c7f8f5cc11affd5de
    observed_at: 2026-10-02T13:11:38.212667+00:00
    update_status: drifted
    notes: new upstream ref detected
  - source_id: qdrant-mcp-server
    observed_ref: c56ae5adf62bb78d852bf7bbcbc5d7b75e2bbe41
    observed_at: 2026-10-02T13:11:38.933280+00:00
    update_status: drifted
    notes: new upstream ref detected
  - source_id: snowflake-mcp
    observed_ref: 662cb486395d79ab1ad0b3538f933fe6a686ce7c
    observed_at: 2026-10-02T13:11:41.856685+00:00
    update_status: drifted
    notes: new upstream ref detected
  - source_id: soda-core
    observed_ref: 
    observed_at: 2026-10-02T13:11:49.928293+00:00
    update_status: blocked
    notes: HTTP Error 403: rate limit exceeded
  - source_id: unity-catalog
    observed_ref: a3b6d80f9eebba0f22c8e29680ffd617c1be5c8b
    observed_at: 2026-10-02T13:11:44.782224+00:00
    update_status: drifted
    notes: new upstream ref detected
  - source_id: unstructured
    observed_ref: 74e2fea06836169ee7749d61ce7d555ce4b83051
    observed_at: 2026-10-02T13:11:37.528712+00:00
    update_status: drifted
    notes: new upstream ref detected
